
Microsoft Visual Studio Solution File, Format Version 12.00
# Visual Studio Version 18
VisualStudioVersion = 18.0.11222.15
MinimumVisualStudioVersion = 10.0.40219.1
Project("{2150E333-8FDC-42A3-9474-1A3956D46DE8}") = "Home", "Home", "{D8D625FE-75E7-476C-B3CC-D06BA3ED3288}"
EndProject
Project("{2150E333-8FDC-42A3-9474-1A3956D46DE8}") = "ExtApps", "ExtApps", "{759404B0-660E-4DCF-BFE4-D568D338A933}"
EndProject
Project("{FAE04EC0-301F-11D3-BF4B-00C04F79EFBC}") = "denePathParser", "denePathParser\denePathParser.csproj", "{48ADCDC7-6C72-4A9E-ACD5-B780495D48EA}"
EndProject
Project("{FAE04EC0-301F-11D3-BF4B-00C04F79EFBC}") = "Internet", "Internet\Internet.csproj", "{805EABB9-9B00-47B6-99EC-EBB4E9A103E6}"
EndProject
Project("{FAE04EC0-301F-11D3-BF4B-00C04F79EFBC}") = "dpkxt", "dpkxt\dpkxt.csproj", "{8CA5CE96-23F9-41C6-AE87-76F310B0EFF2}"
EndProject
Project("{FAE04EC0-301F-11D3-BF4B-00C04F79EFBC}") = "dosu", "dosu\dosu.csproj", "{CC882D0B-7CE2-43CA-A9F0-55CF8DA7C97D}"
EndProject
Project("{FAE04EC0-301F-11D3-BF4B-00C04F79EFBC}") = "WARun", "WARun\WARun.csproj", "{1326C8DA-D9B6-4B51-AABF-6270CFAE744F}"
EndProject
Project("{FAE04EC0-301F-11D3-BF4B-00C04F79EFBC}") = "controlcenter", "controlcenter\controlcenter.csproj", "{9CEA08DC-D12D-4B7F-AE73-1513BEACCAA5}"
EndProject
Project("{2150E333-8FDC-42A3-9474-1A3956D46DE8}") = "Solution Items", "Solution Items", "{02EA681E-C7D8-13C7-8484-4AC65E1B71E8}"
	ProjectSection(SolutionItems) = preProject
		.editorconfig = .editorconfig
	EndProjectSection
EndProject
Project("{FAE04EC0-301F-11D3-BF4B-00C04F79EFBC}") = "deneOS", "deneOS\deneOS.csproj", "{128E5B09-B776-4B25-982D-A14D1BADCFAF}"
EndProject
Project("{FAE04EC0-301F-11D3-BF4B-00C04F79EFBC}") = "deneOS Launcher", "deneOS Launcher\deneOS Launcher.csproj", "{FF4B4CBD-7A7A-4F91-9759-D26861059CF3}"
EndProject
Project("{FAE04EC0-301F-11D3-BF4B-00C04F79EFBC}") = "deneFiles", "deneFiles\deneFiles.csproj", "{1BA4A9D0-D9D3-473C-980B-7E2EB5D33A06}"
EndProject
Project("{FAE04EC0-301F-11D3-BF4B-00C04F79EFBC}") = "deneNotes", "deneNotes\deneNotes.csproj", "{5C8CA797-4270-4DA2-B34D-358D5718D2A6}"
EndProject
Project("{8BC9CEB8-8B4A-11D0-8D11-00A0C91BC942}") = "deneTerm", "deneTerm\deneTerm.vcxproj", "{79FDE572-2E26-23B2-B40D-EB5C6C4D80AC}"
EndProject
Project("{FAE04EC0-301F-11D3-BF4B-00C04F79EFBC}") = "deneStore", "deneStore\deneStore.csproj", "{B51DE302-722B-4B7E-892F-7BB2CE2E4625}"
EndProject
Project("{2150E333-8FDC-42A3-9474-1A3956D46DE8}") = "Internal", "Internal", "{97AE07B4-E551-4328-B2A0-E2BA13580C0F}"
EndProject
Project("{FAE04EC0-301F-11D3-BF4B-00C04F79EFBC}") = "setConfig", "setConfig\setConfig.csproj", "{B568FDD2-92A6-4B3F-8E41-D2DC3B988AE8}"
EndProject
Project("{FAE04EC0-301F-11D3-BF4B-00C04F79EFBC}") = "Calendar.IO", "Calendar.IO\Calendar.IO.csproj", "{B482FE89-8E5C-4757-B0B9-539372F89389}"
EndProject
Project("{FAE04EC0-301F-11D3-BF4B-00C04F79EFBC}") = "dpkxtconsole", "dpkxtconsole\dpkxtconsole.csproj", "{5973E711-4F58-45D7-8FE4-215ADF18C524}"
EndProject
Project("{FAE04EC0-301F-11D3-BF4B-00C04F79EFBC}") = "Terminal", "Terminal\Terminal.csproj", "{2426B34C-1D94-4CC2-9AF7-CCA83A5DF9F5}"
EndProject
Project("{FAE04EC0-301F-11D3-BF4B-00C04F79EFBC}") = "aboutDialogs", "aboutDialogs\aboutDialogs.csproj", "{E3A18D0B-FA48-46B7-ABFF-9C6C5CFAF5B7}"
EndProject
Project("{FAE04EC0-301F-11D3-BF4B-00C04F79EFBC}") = "deneNavi", "deneNavi\deneNavi.csproj", "{F57C623E-56A2-E7F5-36F1-82C0F92F9BD7}"
EndProject
Project("{FAE04EC0-301F-11D3-BF4B-00C04F79EFBC}") = "dosu.System", "dosu.System\dosu.System.csproj", "{7A0FDE7F-8B6B-4515-92F8-9B8D81C2E624}"
EndProject
Project("{FAE04EC0-301F-11D3-BF4B-00C04F79EFBC}") = "dosu.UI", "dosu.UI\dosu.UI.csproj", "{5EE1CE36-473B-4BBA-B268-4AF77929C0CC}"
EndProject
Project("{FAE04EC0-301F-11D3-BF4B-00C04F79EFBC}") = "DPKBundler", "DPKBundler\DPKBundler.csproj", "{F938E3E5-0BB9-4236-AEF9-CA7127DB469E}"
EndProject
Global
	GlobalSection(SolutionConfigurationPlatforms) = preSolution
		Debug|Any CPU = Debug|Any CPU
		Debug|x64 = Debug|x64
		Debug|x86 = Debug|x86
		Release|Any CPU = Release|Any CPU
		Release|x64 = Release|x64
		Release|x86 = Release|x86
	EndGlobalSection
	GlobalSection(ProjectConfigurationPlatforms) = postSolution
		{48ADCDC7-6C72-4A9E-ACD5-B780495D48EA}.Debug|Any CPU.ActiveCfg = Debug|Any CPU
		{48ADCDC7-6C72-4A9E-ACD5-B780495D48EA}.Debug|Any CPU.Build.0 = Debug|Any CPU
		{48ADCDC7-6C72-4A9E-ACD5-B780495D48EA}.Debug|x64.ActiveCfg = Debug|x64
		{48ADCDC7-6C72-4A9E-ACD5-B780495D48EA}.Debug|x64.Build.0 = Debug|x64
		{48ADCDC7-6C72-4A9E-ACD5-B780495D48EA}.Debug|x86.ActiveCfg = Debug|Any CPU
		{48ADCDC7-6C72-4A9E-ACD5-B780495D48EA}.Debug|x86.Build.0 = Debug|Any CPU
		{48ADCDC7-6C72-4A9E-ACD5-B780495D48EA}.Release|Any CPU.ActiveCfg = Release|Any CPU
		{48ADCDC7-6C72-4A9E-ACD5-B780495D48EA}.Release|Any CPU.Build.0 = Release|Any CPU
		{48ADCDC7-6C72-4A9E-ACD5-B780495D48EA}.Release|x64.ActiveCfg = Release|x64
		{48ADCDC7-6C72-4A9E-ACD5-B780495D48EA}.Release|x64.Build.0 = Release|x64
		{48ADCDC7-6C72-4A9E-ACD5-B780495D48EA}.Release|x86.ActiveCfg = Release|Any CPU
		{48ADCDC7-6C72-4A9E-ACD5-B780495D48EA}.Release|x86.Build.0 = Release|Any CPU
		{805EABB9-9B00-47B6-99EC-EBB4E9A103E6}.Debug|Any CPU.ActiveCfg = Debug|Any CPU
		{805EABB9-9B00-47B6-99EC-EBB4E9A103E6}.Debug|Any CPU.Build.0 = Debug|Any CPU
		{805EABB9-9B00-47B6-99EC-EBB4E9A103E6}.Debug|x64.ActiveCfg = Debug|x64
		{805EABB9-9B00-47B6-99EC-EBB4E9A103E6}.Debug|x64.Build.0 = Debug|x64
		{805EABB9-9B00-47B6-99EC-EBB4E9A103E6}.Debug|x86.ActiveCfg = Debug|Any CPU
		{805EABB9-9B00-47B6-99EC-EBB4E9A103E6}.Debug|x86.Build.0 = Debug|Any CPU
		{805EABB9-9B00-47B6-99EC-EBB4E9A103E6}.Release|Any CPU.ActiveCfg = Release|Any CPU
		{805EABB9-9B00-47B6-99EC-EBB4E9A103E6}.Release|Any CPU.Build.0 = Release|Any CPU
		{805EABB9-9B00-47B6-99EC-EBB4E9A103E6}.Release|x64.ActiveCfg = Release|x64
		{805EABB9-9B00-47B6-99EC-EBB4E9A103E6}.Release|x64.Build.0 = Release|x64
		{805EABB9-9B00-47B6-99EC-EBB4E9A103E6}.Release|x86.ActiveCfg = Release|Any CPU
		{805EABB9-9B00-47B6-99EC-EBB4E9A103E6}.Release|x86.Build.0 = Release|Any CPU
		{8CA5CE96-23F9-41C6-AE87-76F310B0EFF2}.Debug|Any CPU.ActiveCfg = Debug|Any CPU
		{8CA5CE96-23F9-41C6-AE87-76F310B0EFF2}.Debug|Any CPU.Build.0 = Debug|Any CPU
		{8CA5CE96-23F9-41C6-AE87-76F310B0EFF2}.Debug|x64.ActiveCfg = Debug|Any CPU
		{8CA5CE96-23F9-41C6-AE87-76F310B0EFF2}.Debug|x64.Build.0 = Debug|Any CPU
		{8CA5CE96-23F9-41C6-AE87-76F310B0EFF2}.Debug|x86.ActiveCfg = Debug|Any CPU
		{8CA5CE96-23F9-41C6-AE87-76F310B0EFF2}.Debug|x86.Build.0 = Debug|Any CPU
		{8CA5CE96-23F9-41C6-AE87-76F310B0EFF2}.Release|Any CPU.ActiveCfg = Release|Any CPU
		{8CA5CE96-23F9-41C6-AE87-76F310B0EFF2}.Release|Any CPU.Build.0 = Release|Any CPU
		{8CA5CE96-23F9-41C6-AE87-76F310B0EFF2}.Release|x64.ActiveCfg = Release|Any CPU
		{8CA5CE96-23F9-41C6-AE87-76F310B0EFF2}.Release|x64.Build.0 = Release|Any CPU
		{8CA5CE96-23F9-41C6-AE87-76F310B0EFF2}.Release|x86.ActiveCfg = Release|Any CPU
		{8CA5CE96-23F9-41C6-AE87-76F310B0EFF2}.Release|x86.Build.0 = Release|Any CPU
		{CC882D0B-7CE2-43CA-A9F0-55CF8DA7C97D}.Debug|Any CPU.ActiveCfg = Debug|Any CPU
		{CC882D0B-7CE2-43CA-A9F0-55CF8DA7C97D}.Debug|Any CPU.Build.0 = Debug|Any CPU
		{CC882D0B-7CE2-43CA-A9F0-55CF8DA7C97D}.Debug|x64.ActiveCfg = Debug|Any CPU
		{CC882D0B-7CE2-43CA-A9F0-55CF8DA7C97D}.Debug|x64.Build.0 = Debug|Any CPU
		{CC882D0B-7CE2-43CA-A9F0-55CF8DA7C97D}.Debug|x86.ActiveCfg = Debug|Any CPU
		{CC882D0B-7CE2-43CA-A9F0-55CF8DA7C97D}.Debug|x86.Build.0 = Debug|Any CPU
		{CC882D0B-7CE2-43CA-A9F0-55CF8DA7C97D}.Release|Any CPU.ActiveCfg = Release|Any CPU
		{CC882D0B-7CE2-43CA-A9F0-55CF8DA7C97D}.Release|Any CPU.Build.0 = Release|Any CPU
		{CC882D0B-7CE2-43CA-A9F0-55CF8DA7C97D}.Release|x64.ActiveCfg = Release|Any CPU
		{CC882D0B-7CE2-43CA-A9F0-55CF8DA7C97D}.Release|x64.Build.0 = Release|Any CPU
		{CC882D0B-7CE2-43CA-A9F0-55CF8DA7C97D}.Release|x86.ActiveCfg = Release|Any CPU
		{CC882D0B-7CE2-43CA-A9F0-55CF8DA7C97D}.Release|x86.Build.0 = Release|Any CPU
		{1326C8DA-D9B6-4B51-AABF-6270CFAE744F}.Debug|Any CPU.ActiveCfg = Debug|Any CPU
		{1326C8DA-D9B6-4B51-AABF-6270CFAE744F}.Debug|Any CPU.Build.0 = Debug|Any CPU
		{1326C8DA-D9B6-4B51-AABF-6270CFAE744F}.Debug|x64.ActiveCfg = Debug|Any CPU
		{1326C8DA-D9B6-4B51-AABF-6270CFAE744F}.Debug|x64.Build.0 = Debug|Any CPU
		{1326C8DA-D9B6-4B51-AABF-6270CFAE744F}.Debug|x86.ActiveCfg = Debug|Any CPU
		{1326C8DA-D9B6-4B51-AABF-6270CFAE744F}.Debug|x86.Build.0 = Debug|Any CPU
		{1326C8DA-D9B6-4B51-AABF-6270CFAE744F}.Release|Any CPU.ActiveCfg = Release|Any CPU
		{1326C8DA-D9B6-4B51-AABF-6270CFAE744F}.Release|Any CPU.Build.0 = Release|Any CPU
		{1326C8DA-D9B6-4B51-AABF-6270CFAE744F}.Release|x64.ActiveCfg = Release|Any CPU
		{1326C8DA-D9B6-4B51-AABF-6270CFAE744F}.Release|x64.Build.0 = Release|Any CPU
		{1326C8DA-D9B6-4B51-AABF-6270CFAE744F}.Release|x86.ActiveCfg = Release|Any CPU
		{1326C8DA-D9B6-4B51-AABF-6270CFAE744F}.Release|x86.Build.0 = Release|Any CPU
		{9CEA08DC-D12D-4B7F-AE73-1513BEACCAA5}.Debug|Any CPU.ActiveCfg = Debug|Any CPU
		{9CEA08DC-D12D-4B7F-AE73-1513BEACCAA5}.Debug|Any CPU.Build.0 = Debug|Any CPU
		{9CEA08DC-D12D-4B7F-AE73-1513BEACCAA5}.Debug|x64.ActiveCfg = Debug|Any CPU
		{9CEA08DC-D12D-4B7F-AE73-1513BEACCAA5}.Debug|x64.Build.0 = Debug|Any CPU
		{9CEA08DC-D12D-4B7F-AE73-1513BEACCAA5}.Debug|x86.ActiveCfg = Debug|Any CPU
		{9CEA08DC-D12D-4B7F-AE73-1513BEACCAA5}.Debug|x86.Build.0 = Debug|Any CPU
		{9CEA08DC-D12D-4B7F-AE73-1513BEACCAA5}.Release|Any CPU.ActiveCfg = Release|Any CPU
		{9CEA08DC-D12D-4B7F-AE73-1513BEACCAA5}.Release|Any CPU.Build.0 = Release|Any CPU
		{9CEA08DC-D12D-4B7F-AE73-1513BEACCAA5}.Release|x64.ActiveCfg = Release|Any CPU
		{9CEA08DC-D12D-4B7F-AE73-1513BEACCAA5}.Release|x64.Build.0 = Release|Any CPU
		{9CEA08DC-D12D-4B7F-AE73-1513BEACCAA5}.Release|x86.ActiveCfg = Release|Any CPU
		{9CEA08DC-D12D-4B7F-AE73-1513BEACCAA5}.Release|x86.Build.0 = Release|Any CPU
		{128E5B09-B776-4B25-982D-A14D1BADCFAF}.Debug|Any CPU.ActiveCfg = Debug|Any CPU
		{128E5B09-B776-4B25-982D-A14D1BADCFAF}.Debug|Any CPU.Build.0 = Debug|Any CPU
		{128E5B09-B776-4B25-982D-A14D1BADCFAF}.Debug|x64.ActiveCfg = Debug|Any CPU
		{128E5B09-B776-4B25-982D-A14D1BADCFAF}.Debug|x64.Build.0 = Debug|Any CPU
		{128E5B09-B776-4B25-982D-A14D1BADCFAF}.Debug|x86.ActiveCfg = Debug|Any CPU
		{128E5B09-B776-4B25-982D-A14D1BADCFAF}.Debug|x86.Build.0 = Debug|Any CPU
		{128E5B09-B776-4B25-982D-A14D1BADCFAF}.Release|Any CPU.ActiveCfg = Release|Any CPU
		{128E5B09-B776-4B25-982D-A14D1BADCFAF}.Release|Any CPU.Build.0 = Release|Any CPU
		{128E5B09-B776-4B25-982D-A14D1BADCFAF}.Release|x64.ActiveCfg = Release|Any CPU
		{128E5B09-B776-4B25-982D-A14D1BADCFAF}.Release|x64.Build.0 = Release|Any CPU
		{128E5B09-B776-4B25-982D-A14D1BADCFAF}.Release|x86.ActiveCfg = Release|Any CPU
		{128E5B09-B776-4B25-982D-A14D1BADCFAF}.Release|x86.Build.0 = Release|Any CPU
		{FF4B4CBD-7A7A-4F91-9759-D26861059CF3}.Debug|Any CPU.ActiveCfg = Debug|Any CPU
		{FF4B4CBD-7A7A-4F91-9759-D26861059CF3}.Debug|Any CPU.Build.0 = Debug|Any CPU
		{FF4B4CBD-7A7A-4F91-9759-D26861059CF3}.Debug|x64.ActiveCfg = Debug|Any CPU
		{FF4B4CBD-7A7A-4F91-9759-D26861059CF3}.Debug|x64.Build.0 = Debug|Any CPU
		{FF4B4CBD-7A7A-4F91-9759-D26861059CF3}.Debug|x86.ActiveCfg = Debug|Any CPU
		{FF4B4CBD-7A7A-4F91-9759-D26861059CF3}.Debug|x86.Build.0 = Debug|Any CPU
		{FF4B4CBD-7A7A-4F91-9759-D26861059CF3}.Release|Any CPU.ActiveCfg = Release|Any CPU
		{FF4B4CBD-7A7A-4F91-9759-D26861059CF3}.Release|Any CPU.Build.0 = Release|Any CPU
		{FF4B4CBD-7A7A-4F91-9759-D26861059CF3}.Release|x64.ActiveCfg = Release|Any CPU
		{FF4B4CBD-7A7A-4F91-9759-D26861059CF3}.Release|x64.Build.0 = Release|Any CPU
		{FF4B4CBD-7A7A-4F91-9759-D26861059CF3}.Release|x86.ActiveCfg = Release|Any CPU
		{FF4B4CBD-7A7A-4F91-9759-D26861059CF3}.Release|x86.Build.0 = Release|Any CPU
		{1BA4A9D0-D9D3-473C-980B-7E2EB5D33A06}.Debug|Any CPU.ActiveCfg = Debug|Any CPU
		{1BA4A9D0-D9D3-473C-980B-7E2EB5D33A06}.Debug|Any CPU.Build.0 = Debug|Any CPU
		{1BA4A9D0-D9D3-473C-980B-7E2EB5D33A06}.Debug|x64.ActiveCfg = Debug|Any CPU
		{1BA4A9D0-D9D3-473C-980B-7E2EB5D33A06}.Debug|x64.Build.0 = Debug|Any CPU
		{1BA4A9D0-D9D3-473C-980B-7E2EB5D33A06}.Debug|x86.ActiveCfg = Debug|Any CPU
		{1BA4A9D0-D9D3-473C-980B-7E2EB5D33A06}.Debug|x86.Build.0 = Debug|Any CPU
		{1BA4A9D0-D9D3-473C-980B-7E2EB5D33A06}.Release|Any CPU.ActiveCfg = Release|Any CPU
		{1BA4A9D0-D9D3-473C-980B-7E2EB5D33A06}.Release|Any CPU.Build.0 = Release|Any CPU
		{1BA4A9D0-D9D3-473C-980B-7E2EB5D33A06}.Release|x64.ActiveCfg = Release|Any CPU
		{1BA4A9D0-D9D3-473C-980B-7E2EB5D33A06}.Release|x64.Build.0 = Release|Any CPU
		{1BA4A9D0-D9D3-473C-980B-7E2EB5D33A06}.Release|x86.ActiveCfg = Release|Any CPU
		{1BA4A9D0-D9D3-473C-980B-7E2EB5D33A06}.Release|x86.Build.0 = Release|Any CPU
		{5C8CA797-4270-4DA2-B34D-358D5718D2A6}.Debug|Any CPU.ActiveCfg = Debug|Any CPU
		{5C8CA797-4270-4DA2-B34D-358D5718D2A6}.Debug|Any CPU.Build.0 = Debug|Any CPU
		{5C8CA797-4270-4DA2-B34D-358D5718D2A6}.Debug|x64.ActiveCfg = Debug|Any CPU
		{5C8CA797-4270-4DA2-B34D-358D5718D2A6}.Debug|x64.Build.0 = Debug|Any CPU
		{5C8CA797-4270-4DA2-B34D-358D5718D2A6}.Debug|x86.ActiveCfg = Debug|Any CPU
		{5C8CA797-4270-4DA2-B34D-358D5718D2A6}.Debug|x86.Build.0 = Debug|Any CPU
		{5C8CA797-4270-4DA2-B34D-358D5718D2A6}.Release|Any CPU.ActiveCfg = Release|Any CPU
		{5C8CA797-4270-4DA2-B34D-358D5718D2A6}.Release|Any CPU.Build.0 = Release|Any CPU
		{5C8CA797-4270-4DA2-B34D-358D5718D2A6}.Release|x64.ActiveCfg = Release|Any CPU
		{5C8CA797-4270-4DA2-B34D-358D5718D2A6}.Release|x64.Build.0 = Release|Any CPU
		{5C8CA797-4270-4DA2-B34D-358D5718D2A6}.Release|x86.ActiveCfg = Release|Any CPU
		{5C8CA797-4270-4DA2-B34D-358D5718D2A6}.Release|x86.Build.0 = Release|Any CPU
		{79FDE572-2E26-23B2-B40D-EB5C6C4D80AC}.Debug|Any CPU.ActiveCfg = Debug|x64
		{79FDE572-2E26-23B2-B40D-EB5C6C4D80AC}.Debug|Any CPU.Build.0 = Debug|x64
		{79FDE572-2E26-23B2-B40D-EB5C6C4D80AC}.Debug|x64.ActiveCfg = Debug|x64
		{79FDE572-2E26-23B2-B40D-EB5C6C4D80AC}.Debug|x64.Build.0 = Debug|x64
		{79FDE572-2E26-23B2-B40D-EB5C6C4D80AC}.Debug|x86.ActiveCfg = Debug|Win32
		{79FDE572-2E26-23B2-B40D-EB5C6C4D80AC}.Debug|x86.Build.0 = Debug|Win32
		{79FDE572-2E26-23B2-B40D-EB5C6C4D80AC}.Release|Any CPU.ActiveCfg = Release|x64
		{79FDE572-2E26-23B2-B40D-EB5C6C4D80AC}.Release|Any CPU.Build.0 = Release|x64
		{79FDE572-2E26-23B2-B40D-EB5C6C4D80AC}.Release|x64.ActiveCfg = Release|x64
		{79FDE572-2E26-23B2-B40D-EB5C6C4D80AC}.Release|x64.Build.0 = Release|x64
		{79FDE572-2E26-23B2-B40D-EB5C6C4D80AC}.Release|x86.ActiveCfg = Release|Win32
		{79FDE572-2E26-23B2-B40D-EB5C6C4D80AC}.Release|x86.Build.0 = Release|Win32
		{B51DE302-722B-4B7E-892F-7BB2CE2E4625}.Debug|Any CPU.ActiveCfg = Debug|Any CPU
		{B51DE302-722B-4B7E-892F-7BB2CE2E4625}.Debug|Any CPU.Build.0 = Debug|Any CPU
		{B51DE302-722B-4B7E-892F-7BB2CE2E4625}.Debug|x64.ActiveCfg = Debug|Any CPU
		{B51DE302-722B-4B7E-892F-7BB2CE2E4625}.Debug|x64.Build.0 = Debug|Any CPU
		{B51DE302-722B-4B7E-892F-7BB2CE2E4625}.Debug|x86.ActiveCfg = Debug|Any CPU
		{B51DE302-722B-4B7E-892F-7BB2CE2E4625}.Debug|x86.Build.0 = Debug|Any CPU
		{B51DE302-722B-4B7E-892F-7BB2CE2E4625}.Release|Any CPU.ActiveCfg = Release|Any CPU
		{B51DE302-722B-4B7E-892F-7BB2CE2E4625}.Release|Any CPU.Build.0 = Release|Any CPU
		{B51DE302-722B-4B7E-892F-7BB2CE2E4625}.Release|x64.ActiveCfg = Release|Any CPU
		{B51DE302-722B-4B7E-892F-7BB2CE2E4625}.Release|x64.Build.0 = Release|Any CPU
		{B51DE302-722B-4B7E-892F-7BB2CE2E4625}.Release|x86.ActiveCfg = Release|Any CPU
		{B51DE302-722B-4B7E-892F-7BB2CE2E4625}.Release|x86.Build.0 = Release|Any CPU
		{B568FDD2-92A6-4B3F-8E41-D2DC3B988AE8}.Debug|Any CPU.ActiveCfg = Debug|Any CPU
		{B568FDD2-92A6-4B3F-8E41-D2DC3B988AE8}.Debug|Any CPU.Build.0 = Debug|Any CPU
		{B568FDD2-92A6-4B3F-8E41-D2DC3B988AE8}.Debug|x64.ActiveCfg = Debug|Any CPU
		{B568FDD2-92A6-4B3F-8E41-D2DC3B988AE8}.Debug|x64.Build.0 = Debug|Any CPU
		{B568FDD2-92A6-4B3F-8E41-D2DC3B988AE8}.Debug|x86.ActiveCfg = Debug|Any CPU
		{B568FDD2-92A6-4B3F-8E41-D2DC3B988AE8}.Debug|x86.Build.0 = Debug|Any CPU
		{B568FDD2-92A6-4B3F-8E41-D2DC3B988AE8}.Release|Any CPU.ActiveCfg = Release|Any CPU
		{B568FDD2-92A6-4B3F-8E41-D2DC3B988AE8}.Release|Any CPU.Build.0 = Release|Any CPU
		{B568FDD2-92A6-4B3F-8E41-D2DC3B988AE8}.Release|x64.ActiveCfg = Release|Any CPU
		{B568FDD2-92A6-4B3F-8E41-D2DC3B988AE8}.Release|x64.Build.0 = Release|Any CPU
		{B568FDD2-92A6-4B3F-8E41-D2DC3B988AE8}.Release|x86.ActiveCfg = Release|Any CPU
		{B568FDD2-92A6-4B3F-8E41-D2DC3B988AE8}.Release|x86.Build.0 = Release|Any CPU
		{B482FE89-8E5C-4757-B0B9-539372F89389}.Debug|Any CPU.ActiveCfg = Debug|x64
		{B482FE89-8E5C-4757-B0B9-539372F89389}.Debug|Any CPU.Build.0 = Debug|x64
		{B482FE89-8E5C-4757-B0B9-539372F89389}.Debug|Any CPU.Deploy.0 = Debug|x64
		{B482FE89-8E5C-4757-B0B9-539372F89389}.Debug|x64.ActiveCfg = Debug|x64
		{B482FE89-8E5C-4757-B0B9-539372F89389}.Debug|x64.Build.0 = Debug|x64
		{B482FE89-8E5C-4757-B0B9-539372F89389}.Debug|x64.Deploy.0 = Debug|x64
		{B482FE89-8E5C-4757-B0B9-539372F89389}.Debug|x86.ActiveCfg = Debug|x86
		{B482FE89-8E5C-4757-B0B9-539372F89389}.Debug|x86.Build.0 = Debug|x86
		{B482FE89-8E5C-4757-B0B9-539372F89389}.Debug|x86.Deploy.0 = Debug|x86
		{B482FE89-8E5C-4757-B0B9-539372F89389}.Release|Any CPU.ActiveCfg = Release|x64
		{B482FE89-8E5C-4757-B0B9-539372F89389}.Release|Any CPU.Build.0 = Release|x64
		{B482FE89-8E5C-4757-B0B9-539372F89389}.Release|Any CPU.Deploy.0 = Release|x64
		{B482FE89-8E5C-4757-B0B9-539372F89389}.Release|x64.ActiveCfg = Release|x64
		{B482FE89-8E5C-4757-B0B9-539372F89389}.Release|x64.Build.0 = Release|x64
		{B482FE89-8E5C-4757-B0B9-539372F89389}.Release|x64.Deploy.0 = Release|x64
		{B482FE89-8E5C-4757-B0B9-539372F89389}.Release|x86.ActiveCfg = Release|x86
		{B482FE89-8E5C-4757-B0B9-539372F89389}.Release|x86.Build.0 = Release|x86
		{B482FE89-8E5C-4757-B0B9-539372F89389}.Release|x86.Deploy.0 = Release|x86
		{5973E711-4F58-45D7-8FE4-215ADF18C524}.Debug|Any CPU.ActiveCfg = Debug|Any CPU
		{5973E711-4F58-45D7-8FE4-215ADF18C524}.Debug|Any CPU.Build.0 = Debug|Any CPU
		{5973E711-4F58-45D7-8FE4-215ADF18C524}.Debug|x64.ActiveCfg = Debug|Any CPU
		{5973E711-4F58-45D7-8FE4-215ADF18C524}.Debug|x64.Build.0 = Debug|Any CPU
		{5973E711-4F58-45D7-8FE4-215ADF18C524}.Debug|x86.ActiveCfg = Debug|Any CPU
		{5973E711-4F58-45D7-8FE4-215ADF18C524}.Debug|x86.Build.0 = Debug|Any CPU
		{5973E711-4F58-45D7-8FE4-215ADF18C524}.Release|Any CPU.ActiveCfg = Release|Any CPU
		{5973E711-4F58-45D7-8FE4-215ADF18C524}.Release|Any CPU.Build.0 = Release|Any CPU
		{5973E711-4F58-45D7-8FE4-215ADF18C524}.Release|x64.ActiveCfg = Release|Any CPU
		{5973E711-4F58-45D7-8FE4-215ADF18C524}.Release|x64.Build.0 = Release|Any CPU
		{5973E711-4F58-45D7-8FE4-215ADF18C524}.Release|x86.ActiveCfg = Release|Any CPU
		{5973E711-4F58-45D7-8FE4-215ADF18C524}.Release|x86.Build.0 = Release|Any CPU
		{2426B34C-1D94-4CC2-9AF7-CCA83A5DF9F5}.Debug|Any CPU.ActiveCfg = Debug|Any CPU
		{2426B34C-1D94-4CC2-9AF7-CCA83A5DF9F5}.Debug|Any CPU.Build.0 = Debug|Any CPU
		{2426B34C-1D94-4CC2-9AF7-CCA83A5DF9F5}.Debug|x64.ActiveCfg = Debug|Any CPU
		{2426B34C-1D94-4CC2-9AF7-CCA83A5DF9F5}.Debug|x64.Build.0 = Debug|Any CPU
		{2426B34C-1D94-4CC2-9AF7-CCA83A5DF9F5}.Debug|x86.ActiveCfg = Debug|Any CPU
		{2426B34C-1D94-4CC2-9AF7-CCA83A5DF9F5}.Debug|x86.Build.0 = Debug|Any CPU
		{2426B34C-1D94-4CC2-9AF7-CCA83A5DF9F5}.Release|Any CPU.ActiveCfg = Release|Any CPU
		{2426B34C-1D94-4CC2-9AF7-CCA83A5DF9F5}.Release|Any CPU.Build.0 = Release|Any CPU
		{2426B34C-1D94-4CC2-9AF7-CCA83A5DF9F5}.Release|x64.ActiveCfg = Release|Any CPU
		{2426B34C-1D94-4CC2-9AF7-CCA83A5DF9F5}.Release|x64.Build.0 = Release|Any CPU
		{2426B34C-1D94-4CC2-9AF7-CCA83A5DF9F5}.Release|x86.ActiveCfg = Release|Any CPU
		{2426B34C-1D94-4CC2-9AF7-CCA83A5DF9F5}.Release|x86.Build.0 = Release|Any CPU
		{E3A18D0B-FA48-46B7-ABFF-9C6C5CFAF5B7}.Debug|Any CPU.ActiveCfg = Debug|Any CPU
		{E3A18D0B-FA48-46B7-ABFF-9C6C5CFAF5B7}.Debug|Any CPU.Build.0 = Debug|Any CPU
		{E3A18D0B-FA48-46B7-ABFF-9C6C5CFAF5B7}.Debug|x64.ActiveCfg = Debug|Any CPU
		{E3A18D0B-FA48-46B7-ABFF-9C6C5CFAF5B7}.Debug|x64.Build.0 = Debug|Any CPU
		{E3A18D0B-FA48-46B7-ABFF-9C6C5CFAF5B7}.Debug|x86.ActiveCfg = Debug|Any CPU
		{E3A18D0B-FA48-46B7-ABFF-9C6C5CFAF5B7}.Debug|x86.Build.0 = Debug|Any CPU
		{E3A18D0B-FA48-46B7-ABFF-9C6C5CFAF5B7}.Release|Any CPU.ActiveCfg = Release|Any CPU
		{E3A18D0B-FA48-46B7-ABFF-9C6C5CFAF5B7}.Release|Any CPU.Build.0 = Release|Any CPU
		{E3A18D0B-FA48-46B7-ABFF-9C6C5CFAF5B7}.Release|x64.ActiveCfg = Release|Any CPU
		{E3A18D0B-FA48-46B7-ABFF-9C6C5CFAF5B7}.Release|x64.Build.0 = Release|Any CPU
		{E3A18D0B-FA48-46B7-ABFF-9C6C5CFAF5B7}.Release|x86.ActiveCfg = Release|Any CPU
		{E3A18D0B-FA48-46B7-ABFF-9C6C5CFAF5B7}.Release|x86.Build.0 = Release|Any CPU
		{F57C623E-56A2-E7F5-36F1-82C0F92F9BD7}.Debug|Any CPU.ActiveCfg = Debug|Any CPU
		{F57C623E-56A2-E7F5-36F1-82C0F92F9BD7}.Debug|Any CPU.Build.0 = Debug|Any CPU
		{F57C623E-56A2-E7F5-36F1-82C0F92F9BD7}.Debug|x64.ActiveCfg = Debug|Any CPU
		{F57C623E-56A2-E7F5-36F1-82C0F92F9BD7}.Debug|x64.Build.0 = Debug|Any CPU
		{F57C623E-56A2-E7F5-36F1-82C0F92F9BD7}.Debug|x86.ActiveCfg = Debug|Any CPU
		{F57C623E-56A2-E7F5-36F1-82C0F92F9BD7}.Debug|x86.Build.0 = Debug|Any CPU
		{F57C623E-56A2-E7F5-36F1-82C0F92F9BD7}.Release|Any CPU.ActiveCfg = Release|Any CPU
		{F57C623E-56A2-E7F5-36F1-82C0F92F9BD7}.Release|Any CPU.Build.0 = Release|Any CPU
		{F57C623E-56A2-E7F5-36F1-82C0F92F9BD7}.Release|x64.ActiveCfg = Release|Any CPU
		{F57C623E-56A2-E7F5-36F1-82C0F92F9BD7}.Release|x64.Build.0 = Release|Any CPU
		{F57C623E-56A2-E7F5-36F1-82C0F92F9BD7}.Release|x86.ActiveCfg = Release|Any CPU
		{F57C623E-56A2-E7F5-36F1-82C0F92F9BD7}.Release|x86.Build.0 = Release|Any CPU
		{7A0FDE7F-8B6B-4515-92F8-9B8D81C2E624}.Debug|Any CPU.ActiveCfg = Debug|Any CPU
		{7A0FDE7F-8B6B-4515-92F8-9B8D81C2E624}.Debug|Any CPU.Build.0 = Debug|Any CPU
		{7A0FDE7F-8B6B-4515-92F8-9B8D81C2E624}.Debug|x64.ActiveCfg = Debug|Any CPU
		{7A0FDE7F-8B6B-4515-92F8-9B8D81C2E624}.Debug|x64.Build.0 = Debug|Any CPU
		{7A0FDE7F-8B6B-4515-92F8-9B8D81C2E624}.Debug|x86.ActiveCfg = Debug|Any CPU
		{7A0FDE7F-8B6B-4515-92F8-9B8D81C2E624}.Debug|x86.Build.0 = Debug|Any CPU
		{7A0FDE7F-8B6B-4515-92F8-9B8D81C2E624}.Release|Any CPU.ActiveCfg = Release|Any CPU
		{7A0FDE7F-8B6B-4515-92F8-9B8D81C2E624}.Release|Any CPU.Build.0 = Release|Any CPU
		{7A0FDE7F-8B6B-4515-92F8-9B8D81C2E624}.Release|x64.ActiveCfg = Release|Any CPU
		{7A0FDE7F-8B6B-4515-92F8-9B8D81C2E624}.Release|x64.Build.0 = Release|Any CPU
		{7A0FDE7F-8B6B-4515-92F8-9B8D81C2E624}.Release|x86.ActiveCfg = Release|Any CPU
		{7A0FDE7F-8B6B-4515-92F8-9B8D81C2E624}.Release|x86.Build.0 = Release|Any CPU
		{5EE1CE36-473B-4BBA-B268-4AF77929C0CC}.Debug|Any CPU.ActiveCfg = Debug|Any CPU
		{5EE1CE36-473B-4BBA-B268-4AF77929C0CC}.Debug|Any CPU.Build.0 = Debug|Any CPU
		{5EE1CE36-473B-4BBA-B268-4AF77929C0CC}.Debug|x64.ActiveCfg = Debug|Any CPU
		{5EE1CE36-473B-4BBA-B268-4AF77929C0CC}.Debug|x64.Build.0 = Debug|Any CPU
		{5EE1CE36-473B-4BBA-B268-4AF77929C0CC}.Debug|x86.ActiveCfg = Debug|Any CPU
		{5EE1CE36-473B-4BBA-B268-4AF77929C0CC}.Debug|x86.Build.0 = Debug|Any CPU
		{5EE1CE36-473B-4BBA-B268-4AF77929C0CC}.Release|Any CPU.ActiveCfg = Release|Any CPU
		{5EE1CE36-473B-4BBA-B268-4AF77929C0CC}.Release|Any CPU.Build.0 = Release|Any CPU
		{5EE1CE36-473B-4BBA-B268-4AF77929C0CC}.Release|x64.ActiveCfg = Release|Any CPU
		{5EE1CE36-473B-4BBA-B268-4AF77929C0CC}.Release|x64.Build.0 = Release|Any CPU
		{5EE1CE36-473B-4BBA-B268-4AF77929C0CC}.Release|x86.ActiveCfg = Release|Any CPU
		{5EE1CE36-473B-4BBA-B268-4AF77929C0CC}.Release|x86.Build.0 = Release|Any CPU
		{F938E3E5-0BB9-4236-AEF9-CA7127DB469E}.Debug|Any CPU.ActiveCfg = Debug|Any CPU
		{F938E3E5-0BB9-4236-AEF9-CA7127DB469E}.Debug|Any CPU.Build.0 = Debug|Any CPU
		{F938E3E5-0BB9-4236-AEF9-CA7127DB469E}.Debug|x64.ActiveCfg = Debug|Any CPU
		{F938E3E5-0BB9-4236-AEF9-CA7127DB469E}.Debug|x64.Build.0 = Debug|Any CPU
		{F938E3E5-0BB9-4236-AEF9-CA7127DB469E}.Debug|x86.ActiveCfg = Debug|Any CPU
		{F938E3E5-0BB9-4236-AEF9-CA7127DB469E}.Debug|x86.Build.0 = Debug|Any CPU
		{F938E3E5-0BB9-4236-AEF9-CA7127DB469E}.Release|Any CPU.ActiveCfg = Release|Any CPU
		{F938E3E5-0BB9-4236-AEF9-CA7127DB469E}.Release|Any CPU.Build.0 = Release|Any CPU
		{F938E3E5-0BB9-4236-AEF9-CA7127DB469E}.Release|x64.ActiveCfg = Release|Any CPU
		{F938E3E5-0BB9-4236-AEF9-CA7127DB469E}.Release|x64.Build.0 = Release|Any CPU
		{F938E3E5-0BB9-4236-AEF9-CA7127DB469E}.Release|x86.ActiveCfg = Release|Any CPU
		{F938E3E5-0BB9-4236-AEF9-CA7127DB469E}.Release|x86.Build.0 = Release|Any CPU
	EndGlobalSection
	GlobalSection(SolutionProperties) = preSolution
		HideSolutionNode = FALSE
	EndGlobalSection
	GlobalSection(NestedProjects) = preSolution
		{759404B0-660E-4DCF-BFE4-D568D338A933} = {D8D625FE-75E7-476C-B3CC-D06BA3ED3288}
		{805EABB9-9B00-47B6-99EC-EBB4E9A103E6} = {759404B0-660E-4DCF-BFE4-D568D338A933}
		{9CEA08DC-D12D-4B7F-AE73-1513BEACCAA5} = {D8D625FE-75E7-476C-B3CC-D06BA3ED3288}
		{128E5B09-B776-4B25-982D-A14D1BADCFAF} = {D8D625FE-75E7-476C-B3CC-D06BA3ED3288}
		{B568FDD2-92A6-4B3F-8E41-D2DC3B988AE8} = {97AE07B4-E551-4328-B2A0-E2BA13580C0F}
		{B482FE89-8E5C-4757-B0B9-539372F89389} = {759404B0-660E-4DCF-BFE4-D568D338A933}
		{E3A18D0B-FA48-46B7-ABFF-9C6C5CFAF5B7} = {97AE07B4-E551-4328-B2A0-E2BA13580C0F}
	EndGlobalSection
	GlobalSection(ExtensibilityGlobals) = postSolution
		SolutionGuid = {0F5962FB-112E-42E7-9CE1-7614B24FA6E9}
	EndGlobalSection
EndGlobal
