
Microsoft Visual Studio Solution File, Format Version 12.00
# Visual Studio Version 17
VisualStudioVersion = 17.9.34622.214
MinimumVisualStudioVersion = 10.0.40219.1
Project("{FAE04EC0-301F-11D3-BF4B-00C04F79EFBC}") = "deneOS_Launcher", "deneOS_Launcher\deneOS_Launcher.csproj", "{D0454C0D-4734-4F0B-A90E-4FC5166646B0}"
EndProject
Project("{FAE04EC0-301F-11D3-BF4B-00C04F79EFBC}") = "deneOS_Home", "deneOS_Home\deneOS_Home.csproj", "{1F47D2AF-8FDA-4AF8-A0B3-B76123EECACF}"
EndProject
Project("{2150E333-8FDC-42A3-9474-1A3956D46DE8}") = "Home", "Home", "{D8D625FE-75E7-476C-B3CC-D06BA3ED3288}"
EndProject
Project("{FAE04EC0-301F-11D3-BF4B-00C04F79EFBC}") = "deneFiles", "deneFiles\deneFiles.csproj", "{15C2A364-BC71-4FC3-8796-C669DA836807}"
EndProject
Project("{FAE04EC0-301F-11D3-BF4B-00C04F79EFBC}") = "deneNotes", "deneNotes\deneNotes.csproj", "{C3602900-4945-4B09-B7B4-773E3F89798A}"
EndProject
Project("{FAE04EC0-301F-11D3-BF4B-00C04F79EFBC}") = "deneUpdate", "deneUpdate\deneUpdate.csproj", "{63EAA0E3-3CCD-45A2-A9BF-671681EAA7B0}"
EndProject
Project("{2150E333-8FDC-42A3-9474-1A3956D46DE8}") = "ExtApps", "ExtApps", "{759404B0-660E-4DCF-BFE4-D568D338A933}"
EndProject
Project("{FAE04EC0-301F-11D3-BF4B-00C04F79EFBC}") = "minibrowser", "Internet Explorer 11\minibrowser.csproj", "{7E89B996-8111-430B-B721-70BC5FBAD582}"
EndProject
Global
	GlobalSection(SolutionConfigurationPlatforms) = preSolution
		Debug|Any CPU = Debug|Any CPU
		Release|Any CPU = Release|Any CPU
	EndGlobalSection
	GlobalSection(ProjectConfigurationPlatforms) = postSolution
		{D0454C0D-4734-4F0B-A90E-4FC5166646B0}.Debug|Any CPU.ActiveCfg = Debug|Any CPU
		{D0454C0D-4734-4F0B-A90E-4FC5166646B0}.Debug|Any CPU.Build.0 = Debug|Any CPU
		{D0454C0D-4734-4F0B-A90E-4FC5166646B0}.Release|Any CPU.ActiveCfg = Release|Any CPU
		{D0454C0D-4734-4F0B-A90E-4FC5166646B0}.Release|Any CPU.Build.0 = Release|Any CPU
		{1F47D2AF-8FDA-4AF8-A0B3-B76123EECACF}.Debug|Any CPU.ActiveCfg = Debug|Any CPU
		{1F47D2AF-8FDA-4AF8-A0B3-B76123EECACF}.Debug|Any CPU.Build.0 = Debug|Any CPU
		{1F47D2AF-8FDA-4AF8-A0B3-B76123EECACF}.Release|Any CPU.ActiveCfg = Release|Any CPU
		{1F47D2AF-8FDA-4AF8-A0B3-B76123EECACF}.Release|Any CPU.Build.0 = Release|Any CPU
		{15C2A364-BC71-4FC3-8796-C669DA836807}.Debug|Any CPU.ActiveCfg = Debug|Any CPU
		{15C2A364-BC71-4FC3-8796-C669DA836807}.Debug|Any CPU.Build.0 = Debug|Any CPU
		{15C2A364-BC71-4FC3-8796-C669DA836807}.Release|Any CPU.ActiveCfg = Release|Any CPU
		{15C2A364-BC71-4FC3-8796-C669DA836807}.Release|Any CPU.Build.0 = Release|Any CPU
		{C3602900-4945-4B09-B7B4-773E3F89798A}.Debug|Any CPU.ActiveCfg = Debug|Any CPU
		{C3602900-4945-4B09-B7B4-773E3F89798A}.Debug|Any CPU.Build.0 = Debug|Any CPU
		{C3602900-4945-4B09-B7B4-773E3F89798A}.Release|Any CPU.ActiveCfg = Release|Any CPU
		{C3602900-4945-4B09-B7B4-773E3F89798A}.Release|Any CPU.Build.0 = Release|Any CPU
		{63EAA0E3-3CCD-45A2-A9BF-671681EAA7B0}.Debug|Any CPU.ActiveCfg = Debug|Any CPU
		{63EAA0E3-3CCD-45A2-A9BF-671681EAA7B0}.Debug|Any CPU.Build.0 = Debug|Any CPU
		{63EAA0E3-3CCD-45A2-A9BF-671681EAA7B0}.Release|Any CPU.ActiveCfg = Release|Any CPU
		{63EAA0E3-3CCD-45A2-A9BF-671681EAA7B0}.Release|Any CPU.Build.0 = Release|Any CPU
		{7E89B996-8111-430B-B721-70BC5FBAD582}.Debug|Any CPU.ActiveCfg = Debug|Any CPU
		{7E89B996-8111-430B-B721-70BC5FBAD582}.Debug|Any CPU.Build.0 = Debug|Any CPU
		{7E89B996-8111-430B-B721-70BC5FBAD582}.Release|Any CPU.ActiveCfg = Release|Any CPU
		{7E89B996-8111-430B-B721-70BC5FBAD582}.Release|Any CPU.Build.0 = Release|Any CPU
	EndGlobalSection
	GlobalSection(SolutionProperties) = preSolution
		HideSolutionNode = FALSE
	EndGlobalSection
	GlobalSection(NestedProjects) = preSolution
		{1F47D2AF-8FDA-4AF8-A0B3-B76123EECACF} = {D8D625FE-75E7-476C-B3CC-D06BA3ED3288}
		{15C2A364-BC71-4FC3-8796-C669DA836807} = {D8D625FE-75E7-476C-B3CC-D06BA3ED3288}
		{C3602900-4945-4B09-B7B4-773E3F89798A} = {D8D625FE-75E7-476C-B3CC-D06BA3ED3288}
		{63EAA0E3-3CCD-45A2-A9BF-671681EAA7B0} = {D8D625FE-75E7-476C-B3CC-D06BA3ED3288}
		{759404B0-660E-4DCF-BFE4-D568D338A933} = {D8D625FE-75E7-476C-B3CC-D06BA3ED3288}
		{7E89B996-8111-430B-B721-70BC5FBAD582} = {759404B0-660E-4DCF-BFE4-D568D338A933}
	EndGlobalSection
	GlobalSection(ExtensibilityGlobals) = postSolution
		SolutionGuid = {0F5962FB-112E-42E7-9CE1-7614B24FA6E9}
	EndGlobalSection
EndGlobal
